
Microsoft Visual Studio Solution File, Format Version 12.00
# Visual Studio Version 17
VisualStudioVersion = 17.8.34309.116
MinimumVisualStudioVersion = 10.0.40219.1
Project("{FAE04EC0-301F-11D3-BF4B-00C04F79EFBC}") = "RedisCashe", "RedisCashe.csproj", "{FA0EEBF9-9797-42DD-8B34-8447983827E6}"
EndProject
Global
	GlobalSection(SolutionConfigurationPlatforms) = preSolution
		Debug|Any CPU = Debug|Any CPU
		Release|Any CPU = Release|Any CPU
	EndGlobalSection
	GlobalSection(ProjectConfigurationPlatforms) = postSolution
		{FA0EEBF9-9797-42DD-8B34-8447983827E6}.Debug|Any CPU.ActiveCfg = Debug|Any CPU
		{FA0EEBF9-9797-42DD-8B34-8447983827E6}.Debug|Any CPU.Build.0 = Debug|Any CPU
		{FA0EEBF9-9797-42DD-8B34-8447983827E6}.Release|Any CPU.ActiveCfg = Release|Any CPU
		{FA0EEBF9-9797-42DD-8B34-8447983827E6}.Release|Any CPU.Build.0 = Release|Any CPU
	EndGlobalSection
	GlobalSection(SolutionProperties) = preSolution
		HideSolutionNode = FALSE
	EndGlobalSection
	GlobalSection(ExtensibilityGlobals) = postSolution
		SolutionGuid = {8BB01CFE-5FE6-4144-8DA3-5A48527764E1}
	EndGlobalSection
EndGlobal
